
Microsoft Visual Studio Solution File, Format Version 12.00
# Visual Studio Version 16
VisualStudioVersion = 16.0.30517.126
MinimumVisualStudioVersion = 10.0.40219.1
Project("{FAE04EC0-301F-11D3-BF4B-00C04F79EFBC}") = "FruityArrays", "FruityArrays\FruityArrays.csproj", "{F3A3F8DC-8598-4879-B3DE-4A6ED1F057D7}"
EndProject
Global
	GlobalSection(SolutionConfigurationPlatforms) = preSolution
		Debug|Any CPU = Debug|Any CPU
		Release|Any CPU = Release|Any CPU
	EndGlobalSection
	GlobalSection(ProjectConfigurationPlatforms) = postSolution
		{F3A3F8DC-8598-4879-B3DE-4A6ED1F057D7}.Debug|Any CPU.ActiveCfg = Debug|Any CPU
		{F3A3F8DC-8598-4879-B3DE-4A6ED1F057D7}.Debug|Any CPU.Build.0 = Debug|Any CPU
		{F3A3F8DC-8598-4879-B3DE-4A6ED1F057D7}.Release|Any CPU.ActiveCfg = Release|Any CPU
		{F3A3F8DC-8598-4879-B3DE-4A6ED1F057D7}.Release|Any CPU.Build.0 = Release|Any CPU
	EndGlobalSection
	GlobalSection(SolutionProperties) = preSolution
		HideSolutionNode = FALSE
	EndGlobalSection
	GlobalSection(ExtensibilityGlobals) = postSolution
		SolutionGuid = {CE68A765-79E2-4A1E-9472-19B19000ABEC}
	EndGlobalSection
EndGlobal
